
Microsoft Visual Studio Solution File, Format Version 11.00
# Visual Studio 2010
Project("{FAE04EC0-301F-11D3-BF4B-00C04F79EFBC}") = "Trivia", "Trivia\Trivia.csproj", "{C4E5B1FD-D9B6-4874-9F2B-C923ADA5B8BF}"
EndProject
Global
	GlobalSection(SolutionConfigurationPlatforms) = preSolution
		Debug|x86 = Debug|x86
		Release|x86 = Release|x86
	EndGlobalSection
	GlobalSection(ProjectConfigurationPlatforms) = postSolution
		{C4E5B1FD-D9B6-4874-9F2B-C923ADA5B8BF}.Debug|x86.ActiveCfg = Debug|Any CPU
		{C4E5B1FD-D9B6-4874-9F2B-C923ADA5B8BF}.Debug|x86.Build.0 = Debug|Any CPU
		{C4E5B1FD-D9B6-4874-9F2B-C923ADA5B8BF}.Release|x86.ActiveCfg = Release|Any CPU
		{C4E5B1FD-D9B6-4874-9F2B-C923ADA5B8BF}.Release|x86.Build.0 = Release|Any CPU
	EndGlobalSection
	GlobalSection(SolutionProperties) = preSolution
		HideSolutionNode = FALSE
	EndGlobalSection
EndGlobal
